
Microsoft Visual Studio Solution File, Format Version 12.00
# Visual Studio Version 17
VisualStudioVersion = 17.5.002.0
MinimumVisualStudioVersion = 10.0.40219.1
Project("{2150E333-8FDC-42A3-9474-1A3956D46DE8}") = "api", "api", "{FB6D1636-6F76-4AB6-A9CB-6C2379E28835}"
EndProject
Project("{9A19103F-16F7-4668-BE54-9A1E7A4F7556}") = "ScienceBasedMealsApi", "api\src\ScienceBasedMealsApi.csproj", "{CC0545A2-DC5A-4E37-800E-49FBA232A0B6}"
EndProject
Global
	GlobalSection(SolutionConfigurationPlatforms) = preSolution
		Debug|Any CPU = Debug|Any CPU
		Release|Any CPU = Release|Any CPU
	EndGlobalSection
	GlobalSection(ProjectConfigurationPlatforms) = postSolution
		{CC0545A2-DC5A-4E37-800E-49FBA232A0B6}.Debug|Any CPU.ActiveCfg = Debug|Any CPU
		{CC0545A2-DC5A-4E37-800E-49FBA232A0B6}.Debug|Any CPU.Build.0 = Debug|Any CPU
		{CC0545A2-DC5A-4E37-800E-49FBA232A0B6}.Release|Any CPU.ActiveCfg = Release|Any CPU
		{CC0545A2-DC5A-4E37-800E-49FBA232A0B6}.Release|Any CPU.Build.0 = Release|Any CPU
	EndGlobalSection
	GlobalSection(SolutionProperties) = preSolution
		HideSolutionNode = FALSE
	EndGlobalSection
	GlobalSection(NestedProjects) = preSolution
		{CC0545A2-DC5A-4E37-800E-49FBA232A0B6} = {FB6D1636-6F76-4AB6-A9CB-6C2379E28835}
	EndGlobalSection
	GlobalSection(ExtensibilityGlobals) = postSolution
		SolutionGuid = {B2C4CA49-5EBF-428C-9579-6015F061F841}
	EndGlobalSection
EndGlobal
